
Microsoft Visual Studio Solution File, Format Version 12.00
# Visual Studio Version 17
VisualStudioVersion = 17.5.33516.290
MinimumVisualStudioVersion = 10.0.40219.1
Project("{FAE04EC0-301F-11D3-BF4B-00C04F79EFBC}") = "LR9", "LR9\LR9.csproj", "{06CAF751-DAF8-40A9-BE97-4546ACC94615}"
EndProject
Global
	GlobalSection(SolutionConfigurationPlatforms) = preSolution
		Debug|Any CPU = Debug|Any CPU
		Release|Any CPU = Release|Any CPU
	EndGlobalSection
	GlobalSection(ProjectConfigurationPlatforms) = postSolution
		{06CAF751-DAF8-40A9-BE97-4546ACC94615}.Debug|Any CPU.ActiveCfg = Debug|Any CPU
		{06CAF751-DAF8-40A9-BE97-4546ACC94615}.Debug|Any CPU.Build.0 = Debug|Any CPU
		{06CAF751-DAF8-40A9-BE97-4546ACC94615}.Release|Any CPU.ActiveCfg = Release|Any CPU
		{06CAF751-DAF8-40A9-BE97-4546ACC94615}.Release|Any CPU.Build.0 = Release|Any CPU
	EndGlobalSection
	GlobalSection(SolutionProperties) = preSolution
		HideSolutionNode = FALSE
	EndGlobalSection
	GlobalSection(ExtensibilityGlobals) = postSolution
		SolutionGuid = {E7D39F77-FB63-4DBB-9B2B-ECB230F1247F}
	EndGlobalSection
EndGlobal
