
Microsoft Visual Studio Solution File, Format Version 12.00
# Visual Studio Version 17
VisualStudioVersion = 17.5.33516.290
MinimumVisualStudioVersion = 10.0.40219.1
Project("{FAE04EC0-301F-11D3-BF4B-00C04F79EFBC}") = "LR3", "LR3\LR3.csproj", "{71CD02E5-D717-4A5F-9890-E6EA8DC3A38D}"
EndProject
Global
	GlobalSection(SolutionConfigurationPlatforms) = preSolution
		Debug|Any CPU = Debug|Any CPU
		Release|Any CPU = Release|Any CPU
	EndGlobalSection
	GlobalSection(ProjectConfigurationPlatforms) = postSolution
		{71CD02E5-D717-4A5F-9890-E6EA8DC3A38D}.Debug|Any CPU.ActiveCfg = Debug|Any CPU
		{71CD02E5-D717-4A5F-9890-E6EA8DC3A38D}.Debug|Any CPU.Build.0 = Debug|Any CPU
		{71CD02E5-D717-4A5F-9890-E6EA8DC3A38D}.Release|Any CPU.ActiveCfg = Release|Any CPU
		{71CD02E5-D717-4A5F-9890-E6EA8DC3A38D}.Release|Any CPU.Build.0 = Release|Any CPU
	EndGlobalSection
	GlobalSection(SolutionProperties) = preSolution
		HideSolutionNode = FALSE
	EndGlobalSection
	GlobalSection(ExtensibilityGlobals) = postSolution
		SolutionGuid = {B6D647A1-5A8D-421D-91F4-354E4C97D362}
	EndGlobalSection
EndGlobal
